
Microsoft Visual Studio Solution File, Format Version 12.00
# Visual Studio Version 17
VisualStudioVersion = 17.14.37027.9 d17.14
MinimumVisualStudioVersion = 10.0.40219.1
Project("{FAE04EC0-301F-11D3-BF4B-00C04F79EFBC}") = "G-Net-40-ADV01", "G-Net-40-ADV01\G-Net-40-ADV01.csproj", "{E5269548-8B0F-4C76-BB48-0C7D374C3997}"
EndProject
Global
	GlobalSection(SolutionConfigurationPlatforms) = preSolution
		Debug|Any CPU = Debug|Any CPU
		Release|Any CPU = Release|Any CPU
	EndGlobalSection
	GlobalSection(ProjectConfigurationPlatforms) = postSolution
		{E5269548-8B0F-4C76-BB48-0C7D374C3997}.Debug|Any CPU.ActiveCfg = Debug|Any CPU
		{E5269548-8B0F-4C76-BB48-0C7D374C3997}.Debug|Any CPU.Build.0 = Debug|Any CPU
		{E5269548-8B0F-4C76-BB48-0C7D374C3997}.Release|Any CPU.ActiveCfg = Release|Any CPU
		{E5269548-8B0F-4C76-BB48-0C7D374C3997}.Release|Any CPU.Build.0 = Release|Any CPU
	EndGlobalSection
	GlobalSection(SolutionProperties) = preSolution
		HideSolutionNode = FALSE
	EndGlobalSection
	GlobalSection(ExtensibilityGlobals) = postSolution
		SolutionGuid = {6439343C-AA01-4A90-A0F3-3E46ECACE00E}
	EndGlobalSection
EndGlobal
